PODS:
  - IDZSwiftCommonCrypto (0.13.0)
  - NFCPassportReader (0.1.4):
    - IDZSwiftCommonCrypto (~> 0.13.0)

DEPENDENCIES:
  - NFCPassportReader (from `./`)

SPEC REPOS:
  trunk:
    - IDZSwiftCommonCrypto

EXTERNAL SOURCES:
  NFCPassportReader:
    :path: "./"

SPEC CHECKSUMS:
  IDZSwiftCommonCrypto: 00dd37cdfbd149312a7e5a582cf9909f8b129f44
  NFCPassportReader: 185fc51b9ed05af65395b2de6ddeb45e1edcb636

PODFILE CHECKSUM: 3dc5284371c2798ba1d13faaf0b1830222f53e0d

COCOAPODS: 1.10.1
