PODS:
  - IDZSwiftCommonCrypto (0.13.0)
  - NFCPassportReader (0.1.7):
    - IDZSwiftCommonCrypto (~> 0.13.0)

DEPENDENCIES:
  - NFCPassportReader (from `./`)

SPEC REPOS:
  trunk:
    - IDZSwiftCommonCrypto

EXTERNAL SOURCES:
  NFCPassportReader:
    :path: "./"

SPEC CHECKSUMS:
  IDZSwiftCommonCrypto: 00dd37cdfbd149312a7e5a582cf9909f8b129f44
  NFCPassportReader: 9fb1dec0bc7a9b6399cbe27c25654a3494df829b

PODFILE CHECKSUM: 37ed5ba77509846f28d1434cba3151bba1b72278

COCOAPODS: 1.12.1
